# THIS IS AN AUTOGENERATED FILE. DO NOT EDIT THIS FILE DIRECTLY.
# yarn lockfile v1


"@vant/weapp@^1.0.7":
  version "1.0.7"
  resolved "https://registry.npmjs.org/@vant/weapp/-/weapp-1.0.7.tgz#1b908982340a9364f75a346e14a31c066604fc62"
  integrity sha512-F7gkcVKLTh4Pt17ukZnpZmn78CbtfmUtxSZif02ysyXZmqtAf1aAUffL3i1y+qzGWCXF4y/OVkOBVQVrKHI4MA==
